
Microsoft Visual Studio Solution File, Format Version 12.00
# Visual Studio Version 17
VisualStudioVersion = 17.2.32516.85
MinimumVisualStudioVersion = 10.0.40219.1
Project("{FAE04EC0-301F-11D3-BF4B-00C04F79EFBC}") = "Catalog", "Catalog\Catalog.csproj", "{EBE98C9C-C62A-4B2F-B582-5747DF05CC7C}"
EndProject
Global
	GlobalSection(SolutionConfigurationPlatforms) = preSolution
		Debug|Any CPU = Debug|Any CPU
		Release|Any CPU = Release|Any CPU
	EndGlobalSection
	GlobalSection(ProjectConfigurationPlatforms) = postSolution
		{EBE98C9C-C62A-4B2F-B582-5747DF05CC7C}.Debug|Any CPU.ActiveCfg = Debug|Any CPU
		{EBE98C9C-C62A-4B2F-B582-5747DF05CC7C}.Debug|Any CPU.Build.0 = Debug|Any CPU
		{EBE98C9C-C62A-4B2F-B582-5747DF05CC7C}.Release|Any CPU.ActiveCfg = Release|Any CPU
		{EBE98C9C-C62A-4B2F-B582-5747DF05CC7C}.Release|Any CPU.Build.0 = Release|Any CPU
	EndGlobalSection
	GlobalSection(SolutionProperties) = preSolution
		HideSolutionNode = FALSE
	EndGlobalSection
	GlobalSection(ExtensibilityGlobals) = postSolution
		SolutionGuid = {4A112B0C-038C-46B9-AC0A-892CE214BB13}
	EndGlobalSection
EndGlobal
